// !$*UTF8*$!
{
	archiveVersion = 1;
	classes = {
	};
	objectVersion = 46;
	objects = {

/* Begin PBXBuildFile section */
		EB496DD71D24610500339CF0 /* AppDelegate.swift in Sources */ = {isa = PBXBuildFile; fileRef = EB496DD61D24610500339CF0 /* AppDelegate.swift */; };
		EB496DDB1D24610500339CF0 /* GameScene.swift in Sources */ = {isa = PBXBuildFile; fileRef = EB496DDA1D24610500339CF0 /* GameScene.swift */; };
		EB496DDD1D24610500339CF0 /* GameViewController.swift in Sources */ = {isa = PBXBuildFile; fileRef = EB496DDC1D24610500339CF0 /* GameViewController.swift */; };
		EB496DE01D24610500339CF0 /* Main.storyboard in Resources */ = {isa = PBXBuildFile; fileRef = EB496DDE1D24610500339CF0 /* Main.storyboard */; };
		EB496DE21D24610500339CF0 /* Assets.xcassets in Resources */ = {isa = PBXBuildFile; fileRef = EB496DE11D24610500339CF0 /* Assets.xcassets */; };
		EB496DE51D24610500339CF0 /* LaunchScreen.storyboard in Resources */ = {isa = PBXBuildFile; fileRef = EB496DE31D24610500339CF0 /* LaunchScreen.storyboard */; };
		EB496DF01D24610600339CF0 /* CookieCrunchTests.swift in Sources */ = {isa = PBXBuildFile; fileRef = EB496DEF1D24610600339CF0 /* CookieCrunchTests.swift */; };
		EB496DFB1D24610600339CF0 /* CookieCrunchUITests.swift in Sources */ = {isa = PBXBuildFile; fileRef = EB496DFA1D24610600339CF0 /* CookieCrunchUITests.swift */; };
		EB496E091D24612C00339CF0 /* Grid.atlas in Resources */ = {isa = PBXBuildFile; fileRef = EB496E081D24612C00339CF0 /* Grid.atlas */; };
		EB496E0B1D24613100339CF0 /* Sprites.atlas in Resources */ = {isa = PBXBuildFile; fileRef = EB496E0A1D24613100339CF0 /* Sprites.atlas */; };
		EB496E0D1D2463F100339CF0 /* Cookie.swift in Sources */ = {isa = PBXBuildFile; fileRef = EB496E0C1D2463F100339CF0 /* Cookie.swift */; };
		EB496E0F1D24684300339CF0 /* Array2D.swift in Sources */ = {isa = PBXBuildFile; fileRef = EB496E0E1D24684300339CF0 /* Array2D.swift */; };
		EB496E111D246B5F00339CF0 /* Level.swift in Sources */ = {isa = PBXBuildFile; fileRef = EB496E101D246B5F00339CF0 /* Level.swift */; };
/* End PBXBuildFile section */

/* Begin PBXContainerItemProxy section */
		EB496DEC1D24610600339CF0 /* PBXContainerItemProxy */ = {
			isa = PBXContainerItemProxy;
			containerPortal = EB496DCB1D24610500339CF0 /* Project object */;
			proxyType = 1;
			remoteGlobalIDString = EB496DD21D24610500339CF0;
			remoteInfo = CookieCrunch;
		};
		EB496DF71D24610600339CF0 /* PBXContainerItemProxy */ = {
			isa = PBXContainerItemProxy;
			containerPortal = EB496DCB1D24610500339CF0 /* Project object */;
			proxyType = 1;
			remoteGlobalIDString = EB496DD21D24610500339CF0;
			remoteInfo = CookieCrunch;
		};
/* End PBXContainerItemProxy section */

/* Begin PBXFileReference section */
		EB496DD31D24610500339CF0 /* CookieCrunch.app */ = {isa = PBXFileReference; explicitFileType = wrapper.application; includeInIndex = 0; path = CookieCrunch.app; sourceTree = BUILT_PRODUCTS_DIR; };
		EB496DD61D24610500339CF0 /* AppDelegate.swift */ = {isa = PBXFileReference; lastKnownFileType = sourcecode.swift; path = AppDelegate.swift; sourceTree = "<group>"; };
		EB496DDA1D24610500339CF0 /* GameScene.swift */ = {isa = PBXFileReference; lastKnownFileType = sourcecode.swift; path = GameScene.swift; sourceTree = "<group>"; };
		EB496DDC1D24610500339CF0 /* GameViewController.swift */ = {isa = PBXFileReference; lastKnownFileType = sourcecode.swift; path = GameViewController.swift; sourceTree = "<group>"; };
		EB496DDF1D24610500339CF0 /* Base */ = {isa = PBXFileReference; lastKnownFileType = file.storyboard; name = Base; path = Base.lproj/Main.storyboard; sourceTree = "<group>"; };
		EB496DE11D24610500339CF0 /* Assets.xcassets */ = {isa = PBXFileReference; lastKnownFileType = folder.assetcatalog; path = Assets.xcassets; sourceTree = "<group>"; };
		EB496DE41D24610500339CF0 /* Base */ = {isa = PBXFileReference; lastKnownFileType = file.storyboard; name = Base; path = Base.lproj/LaunchScreen.storyboard; sourceTree = "<group>"; };
		EB496DE61D24610500339CF0 /* Info.plist */ = {isa = PBXFileReference; lastKnownFileType = text.plist.xml; path = Info.plist; sourceTree = "<group>"; };
		EB496DEB1D24610600339CF0 /* CookieCrunchTests.xctest */ = {isa = PBXFileReference; explicitFileType = wrapper.cfbundle; includeInIndex = 0; path = CookieCrunchTests.xctest; sourceTree = BUILT_PRODUCTS_DIR; };
		EB496DEF1D24610600339CF0 /* CookieCrunchTests.swift */ = {isa = PBXFileReference; lastKnownFileType = sourcecode.swift; path = CookieCrunchTests.swift; sourceTree = "<group>"; };
		EB496DF11D24610600339CF0 /* Info.plist */ = {isa = PBXFileReference; lastKnownFileType = text.plist.xml; path = Info.plist; sourceTree = "<group>"; };
		EB496DF61D24610600339CF0 /* CookieCrunchUITests.xctest */ = {isa = PBXFileReference; explicitFileType = wrapper.cfbundle; includeInIndex = 0; path = CookieCrunchUITests.xctest; sourceTree = BUILT_PRODUCTS_DIR; };
		EB496DFA1D24610600339CF0 /* CookieCrunchUITests.swift */ = {isa = PBXFileReference; lastKnownFileType = sourcecode.swift; path = CookieCrunchUITests.swift; sourceTree = "<group>"; };
		EB496DFC1D24610600339CF0 /* Info.plist */ = {isa = PBXFileReference; lastKnownFileType = text.plist.xml; path = Info.plist; sourceTree = "<group>"; };
		EB496E081D24612C00339CF0 /* Grid.atlas */ = {isa = PBXFileReference; lastKnownFileType = folder.skatlas; path = Grid.atlas; sourceTree = "<group>"; };
		EB496E0A1D24613100339CF0 /* Sprites.atlas */ = {isa = PBXFileReference; lastKnownFileType = folder.skatlas; path = Sprites.atlas; sourceTree = "<group>"; };
		EB496E0C1D2463F100339CF0 /* Cookie.swift */ = {isa = PBXFileReference; fileEncoding = 4; lastKnownFileType = sourcecode.swift; path = Cookie.swift; sourceTree = "<group>"; };
		EB496E0E1D24684300339CF0 /* Array2D.swift */ = {isa = PBXFileReference; fileEncoding = 4; lastKnownFileType = sourcecode.swift; path = Array2D.swift; sourceTree = "<group>"; };
		EB496E101D246B5F00339CF0 /* Level.swift */ = {isa = PBXFileReference; fileEncoding = 4; lastKnownFileType = sourcecode.swift; path = Level.swift; sourceTree = "<group>"; };
/* End PBXFileReference section */

/* Begin PBXFrameworksBuildPhase section */
		EB496DD01D24610500339CF0 /* Frameworks */ = {
			isa = PBXFrameworksBuildPhase;
			buildActionMask = 2147483647;
			files = (
			);
			runOnlyForDeploymentPostprocessing = 0;
		};
		EB496DE81D24610600339CF0 /* Frameworks */ = {
			isa = PBXFrameworksBuildPhase;
			buildActionMask = 2147483647;
			files = (
			);
			runOnlyForDeploymentPostprocessing = 0;
		};
		EB496DF31D24610600339CF0 /* Frameworks */ = {
			isa = PBXFrameworksBuildPhase;
			buildActionMask = 2147483647;
			files = (
			);
			runOnlyForDeploymentPostprocessing = 0;
		};
/* End PBXFrameworksBuildPhase section */

/* Begin PBXGroup section */
		EB496DCA1D24610500339CF0 = {
			isa = PBXGroup;
			children = (
				EB496DD51D24610500339CF0 /* CookieCrunch */,
				EB496DEE1D24610600339CF0 /* CookieCrunchTests */,
				EB496DF91D24610600339CF0 /* CookieCrunchUITests */,
				EB496DD41D24610500339CF0 /* Products */,
			);
			sourceTree = "<group>";
		};
		EB496DD41D24610500339CF0 /* Products */ = {
			isa = PBXGroup;
			children = (
				EB496DD31D24610500339CF0 /* CookieCrunch.app */,
				EB496DEB1D24610600339CF0 /* CookieCrunchTests.xctest */,
				EB496DF61D24610600339CF0 /* CookieCrunchUITests.xctest */,
			);
			name = Products;
			sourceTree = "<group>";
		};
		EB496DD51D24610500339CF0 /* CookieCrunch */ = {
			isa = PBXGroup;
			children = (
				EB496DD61D24610500339CF0 /* AppDelegate.swift */,
				EB496DDA1D24610500339CF0 /* GameScene.swift */,
				EB496E0C1D2463F100339CF0 /* Cookie.swift */,
				EB496E101D246B5F00339CF0 /* Level.swift */,
				EB496E0E1D24684300339CF0 /* Array2D.swift */,
				EB496DDC1D24610500339CF0 /* GameViewController.swift */,
				EB496DDE1D24610500339CF0 /* Main.storyboard */,
				EB496DE11D24610500339CF0 /* Assets.xcassets */,
				EB496DE31D24610500339CF0 /* LaunchScreen.storyboard */,
				EB496DE61D24610500339CF0 /* Info.plist */,
				EB496E0A1D24613100339CF0 /* Sprites.atlas */,
				EB496E081D24612C00339CF0 /* Grid.atlas */,
			);
			path = CookieCrunch;
			sourceTree = "<group>";
		};
		EB496DEE1D24610600339CF0 /* CookieCrunchTests */ = {
			isa = PBXGroup;
			children = (
				EB496DEF1D24610600339CF0 /* CookieCrunchTests.swift */,
				EB496DF11D24610600339CF0 /* Info.plist */,
			);
			path = CookieCrunchTests;
			sourceTree = "<group>";
		};
		EB496DF91D24610600339CF0 /* CookieCrunchUITests */ = {
			isa = PBXGroup;
			children = (
				EB496DFA1D24610600339CF0 /* CookieCrunchUITests.swift */,
				EB496DFC1D24610600339CF0 /* Info.plist */,
			);
			path = CookieCrunchUITests;
			sourceTree = "<group>";
		};
/* End PBXGroup section */

/* Begin PBXNativeTarget section */
		EB496DD21D24610500339CF0 /* CookieCrunch */ = {
			isa = PBXNativeTarget;
			buildConfigurationList = EB496DFF1D24610600339CF0 /* Build configuration list for PBXNativeTarget "CookieCrunch" */;
			buildPhases = (
				EB496DCF1D24610500339CF0 /* Sources */,
				EB496DD01D24610500339CF0 /* Frameworks */,
				EB496DD11D24610500339CF0 /* Resources */,
			);
			buildRules = (
			);
			dependencies = (
			);
			name = CookieCrunch;
			productName = CookieCrunch;
			productReference = EB496DD31D24610500339CF0 /* CookieCrunch.app */;
			productType = "com.apple.product-type.application";
		};
		EB496DEA1D24610600339CF0 /* CookieCrunchTests */ = {
			isa = PBXNativeTarget;
			buildConfigurationList = EB496E021D24610600339CF0 /* Build configuration list for PBXNativeTarget "CookieCrunchTests" */;
			buildPhases = (
				EB496DE71D24610600339CF0 /* Sources */,
				EB496DE81D24610600339CF0 /* Frameworks */,
				EB496DE91D24610600339CF0 /* Resources */,
			);
			buildRules = (
			);
			dependencies = (
				EB496DED1D24610600339CF0 /* PBXTargetDependency */,
			);
			name = CookieCrunchTests;
			productName = CookieCrunchTests;
			productReference = EB496DEB1D24610600339CF0 /* CookieCrunchTests.xctest */;
			productType = "com.apple.product-type.bundle.unit-test";
		};
		EB496DF51D24610600339CF0 /* CookieCrunchUITests */ = {
			isa = PBXNativeTarget;
			buildConfigurationList = EB496E051D24610600339CF0 /* Build configuration list for PBXNativeTarget "CookieCrunchUITests" */;
			buildPhases = (
				EB496DF21D24610600339CF0 /* Sources */,
				EB496DF31D24610600339CF0 /* Frameworks */,
				EB496DF41D24610600339CF0 /* Resources */,
			);
			buildRules = (
			);
			dependencies = (
				EB496DF81D24610600339CF0 /* PBXTargetDependency */,
			);
			name = CookieCrunchUITests;
			productName = CookieCrunchUITests;
			productReference = EB496DF61D24610600339CF0 /* CookieCrunchUITests.xctest */;
			productType = "com.apple.product-type.bundle.ui-testing";
		};
/* End PBXNativeTarget section */

/* Begin PBXProject section */
		EB496DCB1D24610500339CF0 /* Project object */ = {
			isa = PBXProject;
			attributes = {
				LastSwiftUpdateCheck = 0730;
				LastUpgradeCheck = 0730;
				ORGANIZATIONNAME = "Jack Zhao";
				TargetAttributes = {
					EB496DD21D24610500339CF0 = {
						CreatedOnToolsVersion = 7.3;
					};
					EB496DEA1D24610600339CF0 = {
						CreatedOnToolsVersion = 7.3;
						TestTargetID = EB496DD21D24610500339CF0;
					};
					EB496DF51D24610600339CF0 = {
						CreatedOnToolsVersion = 7.3;
						TestTargetID = EB496DD21D24610500339CF0;
					};
				};
			};
			buildConfigurationList = EB496DCE1D24610500339CF0 /* Build configuration list for PBXProject "CookieCrunch" */;
			compatibilityVersion = "Xcode 3.2";
			developmentRegion = English;
			hasScannedForEncodings = 0;
			knownRegions = (
				en,
				Base,
			);
			mainGroup = EB496DCA1D24610500339CF0;
			productRefGroup = EB496DD41D24610500339CF0 /* Products */;
			projectDirPath = "";
			projectRoot = "";
			targets = (
				EB496DD21D24610500339CF0 /* CookieCrunch */,
				EB496DEA1D24610600339CF0 /* CookieCrunchTests */,
				EB496DF51D24610600339CF0 /* CookieCrunchUITests */,
			);
		};
/* End PBXProject section */

/* Begin PBXResourcesBuildPhase section */
		EB496DD11D24610500339CF0 /* Resources */ = {
			isa = PBXResourcesBuildPhase;
			buildActionMask = 2147483647;
			files = (
				EB496E0B1D24613100339CF0 /* Sprites.atlas in Resources */,
				EB496DE51D24610500339CF0 /* LaunchScreen.storyboard in Resources */,
				EB496DE21D24610500339CF0 /* Assets.xcassets in Resources */,
				EB496E091D24612C00339CF0 /* Grid.atlas in Resources */,
				EB496DE01D24610500339CF0 /* Main.storyboard in Resources */,
			);
			runOnlyForDeploymentPostprocessing = 0;
		};
		EB496DE91D24610600339CF0 /* Resources */ = {
			isa = PBXResourcesBuildPhase;
			buildActionMask = 2147483647;
			files = (
			);
			runOnlyForDeploymentPostprocessing = 0;
		};
		EB496DF41D24610600339CF0 /* Resources */ = {
			isa = PBXResourcesBuildPhase;
			buildActionMask = 2147483647;
			files = (
			);
			runOnlyForDeploymentPostprocessing = 0;
		};
/* End PBXResourcesBuildPhase section */

/* Begin PBXSourcesBuildPhase section */
		EB496DCF1D24610500339CF0 /* Sources */ = {
			isa = PBXSourcesBuildPhase;
			buildActionMask = 2147483647;
			files = (
				EB496E111D246B5F00339CF0 /* Level.swift in Sources */,
				EB496DDB1D24610500339CF0 /* GameScene.swift in Sources */,
				EB496E0D1D2463F100339CF0 /* Cookie.swift in Sources */,
				EB496DDD1D24610500339CF0 /* GameViewController.swift in Sources */,
				EB496DD71D24610500339CF0 /* AppDelegate.swift in Sources */,
				EB496E0F1D24684300339CF0 /* Array2D.swift in Sources */,
			);
			runOnlyForDeploymentPostprocessing = 0;
		};
		EB496DE71D24610600339CF0 /* Sources */ = {
			isa = PBXSourcesBuildPhase;
			buildActionMask = 2147483647;
			files = (
				EB496DF01D24610600339CF0 /* CookieCrunchTests.swift in Sources */,
			);
			runOnlyForDeploymentPostprocessing = 0;
		};
		EB496DF21D24610600339CF0 /* Sources */ = {
			isa = PBXSourcesBuildPhase;
			buildActionMask = 2147483647;
			files = (
				EB496DFB1D24610600339CF0 /* CookieCrunchUITests.swift in Sources */,
			);
			runOnlyForDeploymentPostprocessing = 0;
		};
/* End PBXSourcesBuildPhase section */

/* Begin PBXTargetDependency section */
		EB496DED1D24610600339CF0 /* PBXTargetDependency */ = {
			isa = PBXTargetDependency;
			target = EB496DD21D24610500339CF0 /* CookieCrunch */;
			targetProxy = EB496DEC1D24610600339CF0 /* PBXContainerItemProxy */;
		};
		EB496DF81D24610600339CF0 /* PBXTargetDependency */ = {
			isa = PBXTargetDependency;
			target = EB496DD21D24610500339CF0 /* CookieCrunch */;
			targetProxy = EB496DF71D24610600339CF0 /* PBXContainerItemProxy */;
		};
/* End PBXTargetDependency section */

/* Begin PBXVariantGroup section */
		EB496DDE1D24610500339CF0 /* Main.storyboard */ = {
			isa = PBXVariantGroup;
			children = (
				EB496DDF1D24610500339CF0 /* Base */,
			);
			name = Main.storyboard;
			sourceTree = "<group>";
		};
		EB496DE31D24610500339CF0 /* LaunchScreen.storyboard */ = {
			isa = PBXVariantGroup;
			children = (
				EB496DE41D24610500339CF0 /* Base */,
			);
			name = LaunchScreen.storyboard;
			sourceTree = "<group>";
		};
/* End PBXVariantGroup section */

/* Begin XCBuildConfiguration section */
		EB496DFD1D24610600339CF0 /* Debug */ = {
			isa = XCBuildConfiguration;
			buildSettings = {
				ALWAYS_SEARCH_USER_PATHS = NO;
				CLANG_ANALYZER_NONNULL = YES;
				CLANG_CXX_LANGUAGE_STANDARD = "gnu++0x";
				CLANG_CXX_LIBRARY = "libc++";
				CLANG_ENABLE_MODULES = YES;
				CLANG_ENABLE_OBJC_ARC = YES;
				CLANG_WARN_BOOL_CONVERSION = YES;
				CLANG_WARN_CONSTANT_CONVERSION = YES;
				CLANG_WARN_DIRECT_OBJC_ISA_USAGE = YES_ERROR;
				CLANG_WARN_EMPTY_BODY = YES;
				CLANG_WARN_ENUM_CONVERSION = YES;
				CLANG_WARN_INT_CONVERSION = YES;
				CLANG_WARN_OBJC_ROOT_CLASS = YES_ERROR;
				CLANG_WARN_UNREACHABLE_CODE = YES;
				CLANG_WARN__DUPLICATE_METHOD_MATCH = YES;
				"CODE_SIGN_IDENTITY[sdk=iphoneos*]" = "iPhone Developer";
				COPY_PHASE_STRIP = NO;
				DEBUG_INFORMATION_FORMAT = "dwarf-with-dsym";
				ENABLE_STRICT_OBJC_MSGSEND = YES;
				ENABLE_TESTABILITY = YES;
				GCC_C_LANGUAGE_STANDARD = gnu99;
				GCC_DYNAMIC_NO_PIC = NO;
				GCC_NO_COMMON_BLOCKS = YES;
				GCC_OPTIMIZATION_LEVEL = 0;
				GCC_PREPROCESSOR_DEFINITIONS = (
					"DEBUG=1",
					"$(inherited)",
				);
				GCC_WARN_64_TO_32_BIT_CONVERSION = YES;
				GCC_WARN_ABOUT_RETURN_TYPE = YES_ERROR;
				GCC_WARN_UNDECLARED_SELECTOR = YES;
				GCC_WARN_UNINITIALIZED_AUTOS = YES_AGGRESSIVE;
				GCC_WARN_UNUSED_FUNCTION = YES;
				GCC_WARN_UNUSED_VARIABLE = YES;
				IPHONEOS_DEPLOYMENT_TARGET = 9.3;
				MTL_ENABLE_DEBUG_INFO = YES;
				ONLY_ACTIVE_ARCH = YES;
				SDKROOT = iphoneos;
				SWIFT_OPTIMIZATION_LEVEL = "-Onone";
			};
			name = Debug;
		};
		EB496DFE1D24610600339CF0 /* Release */ = {
			isa = XCBuildConfiguration;
			buildSettings = {
				ALWAYS_SEARCH_USER_PATHS = NO;
				CLANG_ANALYZER_NONNULL = YES;
				CLANG_CXX_LANGUAGE_STANDARD = "gnu++0x";
				CLANG_CXX_LIBRARY = "libc++";
				CLANG_ENABLE_MODULES = YES;
				CLANG_ENABLE_OBJC_ARC = YES;
				CLANG_WARN_BOOL_CONVERSION = YES;
				CLANG_WARN_CONSTANT_CONVERSION = YES;
				CLANG_WARN_DIRECT_OBJC_ISA_USAGE = YES_ERROR;
				CLANG_WARN_EMPTY_BODY = YES;
				CLANG_WARN_ENUM_CONVERSION = YES;
				CLANG_WARN_INT_CONVERSION = YES;
				CLANG_WARN_OBJC_ROOT_CLASS = YES_ERROR;
				CLANG_WARN_UNREACHABLE_CODE = YES;
				CLANG_WARN__DUPLICATE_METHOD_MATCH = YES;
				"CODE_SIGN_IDENTITY[sdk=iphoneos*]" = "iPhone Developer";
				COPY_PHASE_STRIP = NO;
				DEBUG_INFORMATION_FORMAT = "dwarf-with-dsym";
				ENABLE_NS_ASSERTIONS = NO;
				ENABLE_STRICT_OBJC_MSGSEND = YES;
				GCC_C_LANGUAGE_STANDARD = gnu99;
				GCC_NO_COMMON_BLOCKS = YES;
				GCC_WARN_64_TO_32_BIT_CONVERSION = YES;
				GCC_WARN_ABOUT_RETURN_TYPE = YES_ERROR;
				GCC_WARN_UNDECLARED_SELECTOR = YES;
				GCC_WARN_UNINITIALIZED_AUTOS = YES_AGGRESSIVE;
				GCC_WARN_UNUSED_FUNCTION = YES;
				GCC_WARN_UNUSED_VARIABLE = YES;
				IPHONEOS_DEPLOYMENT_TARGET = 9.3;
				MTL_ENABLE_DEBUG_INFO = NO;
				SDKROOT = iphoneos;
				VALIDATE_PRODUCT = YES;
			};
			name = Release;
		};
		EB496E001D24610600339CF0 /* Debug */ = {
			isa = XCBuildConfiguration;
			buildSettings = {
				ASSETCATALOG_COMPILER_APPICON_NAME = AppIcon;
				INFOPLIST_FILE = CookieCrunch/Info.plist;
				IPHONEOS_DEPLOYMENT_TARGET = 9.0;
				LD_RUNPATH_SEARCH_PATHS = "$(inherited) @executable_path/Frameworks";
				PRODUCT_BUNDLE_IDENTIFIER = com.jackzhao.CookieCrunch;
				PRODUCT_NAME = "$(TARGET_NAME)";
			};
			name = Debug;
		};
		EB496E011D24610600339CF0 /* Release */ = {
			isa = XCBuildConfiguration;
			buildSettings = {
				ASSETCATALOG_COMPILER_APPICON_NAME = AppIcon;
				INFOPLIST_FILE = CookieCrunch/Info.plist;
				IPHONEOS_DEPLOYMENT_TARGET = 9.0;
				LD_RUNPATH_SEARCH_PATHS = "$(inherited) @executable_path/Frameworks";
				PRODUCT_BUNDLE_IDENTIFIER = com.jackzhao.CookieCrunch;
				PRODUCT_NAME = "$(TARGET_NAME)";
			};
			name = Release;
		};
		EB496E031D24610600339CF0 /* Debug */ = {
			isa = XCBuildConfiguration;
			buildSettings = {
				BUNDLE_LOADER = "$(TEST_HOST)";
				DEBUG_INFORMATION_FORMAT = dwarf;
				INFOPLIST_FILE = CookieCrunchTests/Info.plist;
				LD_RUNPATH_SEARCH_PATHS = "$(inherited) @executable_path/Frameworks @loader_path/Frameworks";
				PRODUCT_BUNDLE_IDENTIFIER = com.jackzhao.CookieCrunchTests;
				PRODUCT_NAME = "$(TARGET_NAME)";
				TEST_HOST = "$(BUILT_PRODUCTS_DIR)/CookieCrunch.app/CookieCrunch";
			};
			name = Debug;
		};
		EB496E041D24610600339CF0 /* Release */ = {
			isa = XCBuildConfiguration;
			buildSettings = {
				BUNDLE_LOADER = "$(TEST_HOST)";
				INFOPLIST_FILE = CookieCrunchTests/Info.plist;
				LD_RUNPATH_SEARCH_PATHS = "$(inherited) @executable_path/Frameworks @loader_path/Frameworks";
				PRODUCT_BUNDLE_IDENTIFIER = com.jackzhao.CookieCrunchTests;
				PRODUCT_NAME = "$(TARGET_NAME)";
				TEST_HOST = "$(BUILT_PRODUCTS_DIR)/CookieCrunch.app/CookieCrunch";
			};
			name = Release;
		};
		EB496E061D24610600339CF0 /* Debug */ = {
			isa = XCBuildConfiguration;
			buildSettings = {
				DEBUG_INFORMATION_FORMAT = dwarf;
				INFOPLIST_FILE = CookieCrunchUITests/Info.plist;
				LD_RUNPATH_SEARCH_PATHS = "$(inherited) @executable_path/Frameworks @loader_path/Frameworks";
				PRODUCT_BUNDLE_IDENTIFIER = com.jackzhao.CookieCrunchUITests;
				PRODUCT_NAME = "$(TARGET_NAME)";
				TEST_TARGET_NAME = CookieCrunch;
			};
			name = Debug;
		};
		EB496E071D24610600339CF0 /* Release */ = {
			isa = XCBuildConfiguration;
			buildSettings = {
				INFOPLIST_FILE = CookieCrunchUITests/Info.plist;
				LD_RUNPATH_SEARCH_PATHS = "$(inherited) @executable_path/Frameworks @loader_path/Frameworks";
				PRODUCT_BUNDLE_IDENTIFIER = com.jackzhao.CookieCrunchUITests;
				PRODUCT_NAME = "$(TARGET_NAME)";
				TEST_TARGET_NAME = CookieCrunch;
			};
			name = Release;
		};
/* End XCBuildConfiguration section */

/* Begin XCConfigurationList section */
		EB496DCE1D24610500339CF0 /* Build configuration list for PBXProject "CookieCrunch" */ = {
			isa = XCConfigurationList;
			buildConfigurations = (
				EB496DFD1D24610600339CF0 /* Debug */,
				EB496DFE1D24610600339CF0 /* Release */,
			);
			defaultConfigurationIsVisible = 0;
			defaultConfigurationName = Release;
		};
		EB496DFF1D24610600339CF0 /* Build configuration list for PBXNativeTarget "CookieCrunch" */ = {
			isa = XCConfigurationList;
			buildConfigurations = (
				EB496E001D24610600339CF0 /* Debug */,
				EB496E011D24610600339CF0 /* Release */,
			);
			defaultConfigurationIsVisible = 0;
		};
		EB496E021D24610600339CF0 /* Build configuration list for PBXNativeTarget "CookieCrunchTests" */ = {
			isa = XCConfigurationList;
			buildConfigurations = (
				EB496E031D24610600339CF0 /* Debug */,
				EB496E041D24610600339CF0 /* Release */,
			);
			defaultConfigurationIsVisible = 0;
		};
		EB496E051D24610600339CF0 /* Build configuration list for PBXNativeTarget "CookieCrunchUITests" */ = {
			isa = XCConfigurationList;
			buildConfigurations = (
				EB496E061D24610600339CF0 /* Debug */,
				EB496E071D24610600339CF0 /* Release */,
			);
			defaultConfigurationIsVisible = 0;
		};
/* End XCConfigurationList section */
	};
	rootObject = EB496DCB1D24610500339CF0 /* Project object */;
}
